{
  "object": {
    "pins": [
      {
        "package": "NYPLUtilities",
        "repositoryURL": "https://github.com/NYPL-Simplified/iOS-Utilities",
        "state": {
          "branch": "task/IOS-294/objc",
          "revision": "47940280f3a3466ed9bc9b1b00c72bc8ac5f30ee",
          "version": null
        }
      },
      {
        "package": "PureLayout",
        "repositoryURL": "https://github.com/PureLayout/PureLayout.git",
        "state": {
          "branch": null,
          "revision": "5561683c96dc49b023c1299bfe4f6fbeed5f8199",
          "version": "3.1.9"
        }
      }
    ]
  },
  "version": 1
}
