// !$*UTF8*$!
{
	archiveVersion = 1;
	classes = {
	};
	objectVersion = 48;
	objects = {

/* Begin PBXBuildFile section */
		7B3BD9C82011739E002C5416 /* ScrubberView.swift in Sources */ = {isa = PBXBuildFile; fileRef = 7B3BD9C72011739E002C5416 /* ScrubberView.swift */; };
		7B3BD9CC2011848B002C5416 /* Media.xcassets in Resources */ = {isa = PBXBuildFile; fileRef = 7B5441F3200FB3EE0047B6C6 /* Media.xcassets */; };
		7B473A2D20640D030074D472 /* ScrubberProgressTests.swift in Sources */ = {isa = PBXBuildFile; fileRef = 7B473A2C20640D030074D472 /* ScrubberProgressTests.swift */; };
		7B473A2F20642FAA0074D472 /* ScrubberUIStateTests.swift in Sources */ = {isa = PBXBuildFile; fileRef = 7B473A2E20642FAA0074D472 /* ScrubberUIStateTests.swift */; };
		7B4F1B2020361547003F047B /* Cursor.swift in Sources */ = {isa = PBXBuildFile; fileRef = 7B4F1B1F20361546003F047B /* Cursor.swift */; };
		7B544196200EA7C20047B6C6 /* NYPLAudiobookToolkit.framework in Frameworks */ = {isa = PBXBuildFile; fileRef = 7B54418C200EA7C20047B6C6 /* NYPLAudiobookToolkit.framework */; };
		7B54419D200EA7C20047B6C6 /* NYPLAudiobookToolkit.h in Headers */ = {isa = PBXBuildFile; fileRef = 7B54418F200EA7C20047B6C6 /* NYPLAudiobookToolkit.h */; settings = {ATTRIBUTES = (Public, ); }; };
		7B5441AD200EA7E30047B6C6 /* AppDelegate.swift in Sources */ = {isa = PBXBuildFile; fileRef = 7B5441AC200EA7E30047B6C6 /* AppDelegate.swift */; };
		7B5441AF200EA7E30047B6C6 /* ViewController.swift in Sources */ = {isa = PBXBuildFile; fileRef = 7B5441AE200EA7E30047B6C6 /* ViewController.swift */; };
		7B5441B2200EA7E30047B6C6 /* Main.storyboard in Resources */ = {isa = PBXBuildFile; fileRef = 7B5441B0200EA7E30047B6C6 /* Main.storyboard */; };
		7B5441B4200EA7E30047B6C6 /* Assets.xcassets in Resources */ = {isa = PBXBuildFile; fileRef = 7B5441B3200EA7E30047B6C6 /* Assets.xcassets */; };
		7B5441B7200EA7E30047B6C6 /* LaunchScreen.storyboard in Resources */ = {isa = PBXBuildFile; fileRef = 7B5441B5200EA7E30047B6C6 /* LaunchScreen.storyboard */; };
		7B5441C2200EA7E40047B6C6 /* NYPLAudiobookToolkitDemoAppTests.swift in Sources */ = {isa = PBXBuildFile; fileRef = 7B5441C1200EA7E40047B6C6 /* NYPLAudiobookToolkitDemoAppTests.swift */; };
		7B5441CD200EA7E40047B6C6 /* NYPLAudiobookToolkitDemoAppUITests.swift in Sources */ = {isa = PBXBuildFile; fileRef = 7B5441CC200EA7E40047B6C6 /* NYPLAudiobookToolkitDemoAppUITests.swift */; };
		7B5441E1200EA82C0047B6C6 /* AudiobookMetadata.swift in Sources */ = {isa = PBXBuildFile; fileRef = 7B5441DA200EA82C0047B6C6 /* AudiobookMetadata.swift */; };
		7B5441E3200EA82C0047B6C6 /* Audiobook.swift in Sources */ = {isa = PBXBuildFile; fileRef = 7B5441DC200EA82C0047B6C6 /* Audiobook.swift */; };
		7B5441E4200EA82C0047B6C6 /* AudiobookPlayerViewController.swift in Sources */ = {isa = PBXBuildFile; fileRef = 7B5441DD200EA82C0047B6C6 /* AudiobookPlayerViewController.swift */; };
		7B5441E6200EA82C0047B6C6 /* AudiobookLifecycleManager.swift in Sources */ = {isa = PBXBuildFile; fileRef = 7B5441DF200EA82C0047B6C6 /* AudiobookLifecycleManager.swift */; };
		7B5441E7200EA82C0047B6C6 /* AudiobookManager.swift in Sources */ = {isa = PBXBuildFile; fileRef = 7B5441E0200EA82C0047B6C6 /* AudiobookManager.swift */; };
		7B5441EA200EA8750047B6C6 /* AudioEngine.framework in Frameworks */ = {isa = PBXBuildFile; fileRef = 7B5441E9200EA8740047B6C6 /* AudioEngine.framework */; };
		7B5441EC200EA8950047B6C6 /* AudioEngine.framework in Copy Files */ = {isa = PBXBuildFile; fileRef = 7B5441E9200EA8740047B6C6 /* AudioEngine.framework */; settings = {ATTRIBUTES = (CodeSignOnCopy, RemoveHeadersOnCopy, ); }; };
		7B5441ED200EA9380047B6C6 /* NYPLAudiobookToolkit.framework in Frameworks */ = {isa = PBXBuildFile; fileRef = 7B54418C200EA7C20047B6C6 /* NYPLAudiobookToolkit.framework */; };
		7B5441EE200EA9380047B6C6 /* NYPLAudiobookToolkit.framework in Embed Frameworks */ = {isa = PBXBuildFile; fileRef = 7B54418C200EA7C20047B6C6 /* NYPLAudiobookToolkit.framework */; settings = {ATTRIBUTES = (CodeSignOnCopy, RemoveHeadersOnCopy, ); }; };
		7B5441F1200EAAA20047B6C6 /* PureLayout.framework in Frameworks */ = {isa = PBXBuildFile; fileRef = 7B5441F0200EAAA20047B6C6 /* PureLayout.framework */; };
		7B5441F2200EAAB30047B6C6 /* PureLayout.framework in Copy Files */ = {isa = PBXBuildFile; fileRef = 7B5441F0200EAAA20047B6C6 /* PureLayout.framework */; settings = {ATTRIBUTES = (CodeSignOnCopy, RemoveHeadersOnCopy, ); }; };
		7B6C1BD0203F1CDA00EB791E /* AudiobookNetworkService.swift in Sources */ = {isa = PBXBuildFile; fileRef = 7B6C1BCF203F1CDA00EB791E /* AudiobookNetworkService.swift */; };
		7B6C1BD2203F5BE600EB791E /* AudiobookTableOfContentsTableViewController.swift in Sources */ = {isa = PBXBuildFile; fileRef = 7B6C1BD1203F5BE600EB791E /* AudiobookTableOfContentsTableViewController.swift */; };
		7B6C1BD420405C4D00EB791E /* CursorTests.swift in Sources */ = {isa = PBXBuildFile; fileRef = 7B6C1BD320405C4D00EB791E /* CursorTests.swift */; };
		7B78545B204DEE8500F6589B /* AudiobookNetworkServiceTest.swift in Sources */ = {isa = PBXBuildFile; fileRef = 7B78545A204DEE8500F6589B /* AudiobookNetworkServiceTest.swift */; };
		7B78545D204DEE9900F6589B /* DownloadTaskMock.swift in Sources */ = {isa = PBXBuildFile; fileRef = 7B78545C204DEE9900F6589B /* DownloadTaskMock.swift */; };
		7B78545F204DF12600F6589B /* SpineElementMock.swift in Sources */ = {isa = PBXBuildFile; fileRef = 7B78545E204DF12600F6589B /* SpineElementMock.swift */; };
		7B7B370820211CE100030A1E /* OpenAccessDownloadTask.swift in Sources */ = {isa = PBXBuildFile; fileRef = 7B7B370720211CE100030A1E /* OpenAccessDownloadTask.swift */; };
		7B7B370B202274DA00030A1E /* Player.swift in Sources */ = {isa = PBXBuildFile; fileRef = 7B7B370A202274DA00030A1E /* Player.swift */; };
		7B7B370D20227A7500030A1E /* FindawayPlayer.swift in Sources */ = {isa = PBXBuildFile; fileRef = 7B7B370C20227A7500030A1E /* FindawayPlayer.swift */; };
		7B7B370F20227A8200030A1E /* OpenAccessPlayer.swift in Sources */ = {isa = PBXBuildFile; fileRef = 7B7B370E20227A8200030A1E /* OpenAccessPlayer.swift */; };
		7B7B37112028FC7D00030A1E /* FindawayPlaybackNotificationHandler.swift in Sources */ = {isa = PBXBuildFile; fileRef = 7B7B37102028FC7C00030A1E /* FindawayPlaybackNotificationHandler.swift */; };
		7B8026A3206AB0AF00012808 /* HumanReadablePlaybackRate.swift in Sources */ = {isa = PBXBuildFile; fileRef = 7B8026A2206AB0AF00012808 /* HumanReadablePlaybackRate.swift */; };
		7B87DCC52087AE5D00256331 /* PlayerManipulationTest.swift in Sources */ = {isa = PBXBuildFile; fileRef = 7B87DCC42087AE5D00256331 /* PlayerManipulationTest.swift */; };
		7B87DCC9208A48E300256331 /* AudiobookController.swift in Sources */ = {isa = PBXBuildFile; fileRef = 7B87DCC8208A48E300256331 /* AudiobookController.swift */; };
		7BAFF98A201256F100DCA92A /* PureLayout.framework in Frameworks */ = {isa = PBXBuildFile; fileRef = 7B5441F0200EAAA20047B6C6 /* PureLayout.framework */; };
		7BAFF98B201256F100DCA92A /* PureLayout.framework in Embed Frameworks */ = {isa = PBXBuildFile; fileRef = 7B5441F0200EAAA20047B6C6 /* PureLayout.framework */; settings = {ATTRIBUTES = (CodeSignOnCopy, RemoveHeadersOnCopy, ); }; };
		7BAFF98C20125D1900DCA92A /* AudioEngine.framework in Frameworks */ = {isa = PBXBuildFile; fileRef = 7B5441E9200EA8740047B6C6 /* AudioEngine.framework */; };
		7BAFF98D20125D1900DCA92A /* AudioEngine.framework in Embed Frameworks */ = {isa = PBXBuildFile; fileRef = 7B5441E9200EA8740047B6C6 /* AudioEngine.framework */; settings = {ATTRIBUTES = (CodeSignOnCopy, RemoveHeadersOnCopy, ); }; };
		7BBF4DFC20506FF600700731 /* SleepTimer.swift in Sources */ = {isa = PBXBuildFile; fileRef = 7BBF4DFB20506FF600700731 /* SleepTimer.swift */; };
		7BBF4DFE2050850A00700731 /* SleepTimerTests.swift in Sources */ = {isa = PBXBuildFile; fileRef = 7BBF4DFD2050850A00700731 /* SleepTimerTests.swift */; };
		7BBF4E002050856400700731 /* PlayerMock.swift in Sources */ = {isa = PBXBuildFile; fileRef = 7BBF4DFF2050856400700731 /* PlayerMock.swift */; };
		7BD759B5201279BB004CE65F /* TextWithImageView.swift in Sources */ = {isa = PBXBuildFile; fileRef = 7BD759B4201279BB004CE65F /* TextWithImageView.swift */; };
		7BD759B820127E32004CE65F /* MediaPlayer.framework in Frameworks */ = {isa = PBXBuildFile; fileRef = 7BD759B720127E31004CE65F /* MediaPlayer.framework */; };
		7BD759BD20163B71004CE65F /* PlaybackControlView.swift in Sources */ = {isa = PBXBuildFile; fileRef = 7BD759BC20163B71004CE65F /* PlaybackControlView.swift */; };
		7BD759BF20168995004CE65F /* AudiobookTableOfContents.swift in Sources */ = {isa = PBXBuildFile; fileRef = 7BD759BE20168995004CE65F /* AudiobookTableOfContents.swift */; };
		7BD759C320169084004CE65F /* FindawayDownloadTask.swift in Sources */ = {isa = PBXBuildFile; fileRef = 7BD759C220169084004CE65F /* FindawayDownloadTask.swift */; };
		7BD759CA2017CEA3004CE65F /* DownloadTask.swift in Sources */ = {isa = PBXBuildFile; fileRef = 7BD759C92017CEA3004CE65F /* DownloadTask.swift */; };
		7BD7E03B207BC61D00C122F2 /* HighlightedUIControl.swift in Sources */ = {isa = PBXBuildFile; fileRef = 7BD7E03A207BC61D00C122F2 /* HighlightedUIControl.swift */; };
		7BD7E03D207BC66400C122F2 /* ImageControlView.swift in Sources */ = {isa = PBXBuildFile; fileRef = 7BD7E03C207BC66400C122F2 /* ImageControlView.swift */; };
		7BD8E4FA206EB49D008ED3F1 /* VoiceOverTimestamp.swift in Sources */ = {isa = PBXBuildFile; fileRef = 7BD8E4F9206EB49D008ED3F1 /* VoiceOverTimestamp.swift */; };
		7BD8E4FC20753BC6008ED3F1 /* Bundle.swift in Sources */ = {isa = PBXBuildFile; fileRef = 7BD8E4FB20753BC6008ED3F1 /* Bundle.swift */; };
		7BDD33AF204461A000CC8807 /* HumanReadableTimestamp.swift in Sources */ = {isa = PBXBuildFile; fileRef = 7BDD33AE204461A000CC8807 /* HumanReadableTimestamp.swift */; };
		7BDD33B12044A1B300CC8807 /* FindawayDownloadNotificationHandler.swift in Sources */ = {isa = PBXBuildFile; fileRef = 7BDD33B02044A1B300CC8807 /* FindawayDownloadNotificationHandler.swift */; };
		7BDD33B320470A7100CC8807 /* HumanReadablePercentage.swift in Sources */ = {isa = PBXBuildFile; fileRef = 7BDD33B220470A7000CC8807 /* HumanReadablePercentage.swift */; };
		7BF18B2B205C467C0001992C /* ChapterInfoStack.swift in Sources */ = {isa = PBXBuildFile; fileRef = 7BF18B2A205C467C0001992C /* ChapterInfoStack.swift */; };
		7BF3C446205B0A010056D46B /* HumanReadableTimeRemaining.swift in Sources */ = {isa = PBXBuildFile; fileRef = 7BF3C445205B0A010056D46B /* HumanReadableTimeRemaining.swift */; };
/* End PBXBuildFile section */

/* Begin PBXContainerItemProxy section */
		7B544197200EA7C20047B6C6 /* PBXContainerItemProxy */ = {
			isa = PBXContainerItemProxy;
			containerPortal = 7B544183200EA7C20047B6C6 /* Project object */;
			proxyType = 1;
			remoteGlobalIDString = 7B54418B200EA7C20047B6C6;
			remoteInfo = NYPLAudiobookToolkit;
		};
		7B5441BE200EA7E40047B6C6 /* PBXContainerItemProxy */ = {
			isa = PBXContainerItemProxy;
			containerPortal = 7B544183200EA7C20047B6C6 /* Project object */;
			proxyType = 1;
			remoteGlobalIDString = 7B5441A9200EA7E30047B6C6;
			remoteInfo = NYPLAudiobookToolkitDemoApp;
		};
		7B5441C9200EA7E40047B6C6 /* PBXContainerItemProxy */ = {
			isa = PBXContainerItemProxy;
			containerPortal = 7B544183200EA7C20047B6C6 /* Project object */;
			proxyType = 1;
			remoteGlobalIDString = 7B5441A9200EA7E30047B6C6;
			remoteInfo = NYPLAudiobookToolkitDemoApp;
		};
		7B5441D8200EA8020047B6C6 /* PBXContainerItemProxy */ = {
			isa = PBXContainerItemProxy;
			containerPortal = 7B544183200EA7C20047B6C6 /* Project object */;
			proxyType = 1;
			remoteGlobalIDString = 7B54418B200EA7C20047B6C6;
			remoteInfo = NYPLAudiobookToolkit;
		};
/* End PBXContainerItemProxy section */

/* Begin PBXCopyFilesBuildPhase section */
		7B5441EB200EA8810047B6C6 /* Copy Files */ = {
			isa = PBXCopyFilesBuildPhase;
			buildActionMask = 12;
			dstPath = "";
			dstSubfolderSpec = 10;
			files = (
				7B5441F2200EAAB30047B6C6 /* PureLayout.framework in Copy Files */,
				7B5441EC200EA8950047B6C6 /* AudioEngine.framework in Copy Files */,
			);
			name = "Copy Files";
			runOnlyForDeploymentPostprocessing = 0;
		};
		7B5441EF200EA9380047B6C6 /* Embed Frameworks */ = {
			isa = PBXCopyFilesBuildPhase;
			buildActionMask = 2147483647;
			dstPath = "";
			dstSubfolderSpec = 10;
			files = (
				7BAFF98B201256F100DCA92A /* PureLayout.framework in Embed Frameworks */,
				7B5441EE200EA9380047B6C6 /* NYPLAudiobookToolkit.framework in Embed Frameworks */,
				7BAFF98D20125D1900DCA92A /* AudioEngine.framework in Embed Frameworks */,
			);
			name = "Embed Frameworks";
			runOnlyForDeploymentPostprocessing = 0;
		};
/* End PBXCopyFilesBuildPhase section */

/* Begin PBXFileReference section */
		7B3BD9C72011739E002C5416 /* ScrubberView.swift */ = {isa = PBXFileReference; lastKnownFileType = sourcecode.swift; path = ScrubberView.swift; sourceTree = "<group>"; };
		7B473A2C20640D030074D472 /* ScrubberProgressTests.swift */ = {isa = PBXFileReference; lastKnownFileType = sourcecode.swift; path = ScrubberProgressTests.swift; sourceTree = "<group>"; };
		7B473A2E20642FAA0074D472 /* ScrubberUIStateTests.swift */ = {isa = PBXFileReference; lastKnownFileType = sourcecode.swift; path = ScrubberUIStateTests.swift; sourceTree = "<group>"; };
		7B4F1B1F20361546003F047B /* Cursor.swift */ = {isa = PBXFileReference; lastKnownFileType = sourcecode.swift; path = Cursor.swift; sourceTree = "<group>"; };
		7B54418C200EA7C20047B6C6 /* NYPLAudiobookToolkit.framework */ = {isa = PBXFileReference; explicitFileType = wrapper.framework; includeInIndex = 0; path = NYPLAudiobookToolkit.framework; sourceTree = BUILT_PRODUCTS_DIR; };
		7B54418F200EA7C20047B6C6 /* NYPLAudiobookToolkit.h */ = {isa = PBXFileReference; lastKnownFileType = sourcecode.c.h; path = NYPLAudiobookToolkit.h; sourceTree = "<group>"; };
		7B544190200EA7C20047B6C6 /* Info.plist */ = {isa = PBXFileReference; lastKnownFileType = text.plist.xml; path = Info.plist; sourceTree = "<group>"; };
		7B544195200EA7C20047B6C6 /* NYPLAudiobookToolkitTests.xctest */ = {isa = PBXFileReference; explicitFileType = wrapper.cfbundle; includeInIndex = 0; path = NYPLAudiobookToolkitTests.xctest; sourceTree = BUILT_PRODUCTS_DIR; };
		7B54419C200EA7C20047B6C6 /* Info.plist */ = {isa = PBXFileReference; lastKnownFileType = text.plist.xml; path = Info.plist; sourceTree = "<group>"; };
		7B5441AA200EA7E30047B6C6 /* NYPLAudiobookToolkitDemoApp.app */ = {isa = PBXFileReference; explicitFileType = wrapper.application; includeInIndex = 0; path = NYPLAudiobookToolkitDemoApp.app; sourceTree = BUILT_PRODUCTS_DIR; };
		7B5441AC200EA7E30047B6C6 /* AppDelegate.swift */ = {isa = PBXFileReference; lastKnownFileType = sourcecode.swift; path = AppDelegate.swift; sourceTree = "<group>"; };
		7B5441AE200EA7E30047B6C6 /* ViewController.swift */ = {isa = PBXFileReference; lastKnownFileType = sourcecode.swift; path = ViewController.swift; sourceTree = "<group>"; };
		7B5441B1200EA7E30047B6C6 /* Base */ = {isa = PBXFileReference; lastKnownFileType = file.storyboard; name = Base; path = Base.lproj/Main.storyboard; sourceTree = "<group>"; };
		7B5441B3200EA7E30047B6C6 /* Assets.xcassets */ = {isa = PBXFileReference; lastKnownFileType = folder.assetcatalog; path = Assets.xcassets; sourceTree = "<group>"; };
		7B5441B6200EA7E30047B6C6 /* Base */ = {isa = PBXFileReference; lastKnownFileType = file.storyboard; name = Base; path = Base.lproj/LaunchScreen.storyboard; sourceTree = "<group>"; };
		7B5441B8200EA7E30047B6C6 /* Info.plist */ = {isa = PBXFileReference; lastKnownFileType = text.plist.xml; path = Info.plist; sourceTree = "<group>"; };
		7B5441BD200EA7E40047B6C6 /* NYPLAudiobookToolkitDemoAppTests.xctest */ = {isa = PBXFileReference; explicitFileType = wrapper.cfbundle; includeInIndex = 0; path = NYPLAudiobookToolkitDemoAppTests.xctest; sourceTree = BUILT_PRODUCTS_DIR; };
		7B5441C1200EA7E40047B6C6 /* NYPLAudiobookToolkitDemoAppTests.swift */ = {isa = PBXFileReference; lastKnownFileType = sourcecode.swift; path = NYPLAudiobookToolkitDemoAppTests.swift; sourceTree = "<group>"; };
		7B5441C3200EA7E40047B6C6 /* Info.plist */ = {isa = PBXFileReference; lastKnownFileType = text.plist.xml; path = Info.plist; sourceTree = "<group>"; };
		7B5441C8200EA7E40047B6C6 /* NYPLAudiobookToolkitDemoAppUITests.xctest */ = {isa = PBXFileReference; explicitFileType = wrapper.cfbundle; includeInIndex = 0; path = NYPLAudiobookToolkitDemoAppUITests.xctest; sourceTree = BUILT_PRODUCTS_DIR; };
		7B5441CC200EA7E40047B6C6 /* NYPLAudiobookToolkitDemoAppUITests.swift */ = {isa = PBXFileReference; lastKnownFileType = sourcecode.swift; path = NYPLAudiobookToolkitDemoAppUITests.swift; sourceTree = "<group>"; };
		7B5441CE200EA7E40047B6C6 /* Info.plist */ = {isa = PBXFileReference; lastKnownFileType = text.plist.xml; path = Info.plist; sourceTree = "<group>"; };
		7B5441DA200EA82C0047B6C6 /* AudiobookMetadata.swift */ = {isa = PBXFileReference; fileEncoding = 4; lastKnownFileType = sourcecode.swift; path = AudiobookMetadata.swift; sourceTree = "<group>"; };
		7B5441DC200EA82C0047B6C6 /* Audiobook.swift */ = {isa = PBXFileReference; fileEncoding = 4; lastKnownFileType = sourcecode.swift; path = Audiobook.swift; sourceTree = "<group>"; };
		7B5441DD200EA82C0047B6C6 /* AudiobookPlayerViewController.swift */ = {isa = PBXFileReference; fileEncoding = 4; lastKnownFileType = sourcecode.swift; path = AudiobookPlayerViewController.swift; sourceTree = "<group>"; };
		7B5441DF200EA82C0047B6C6 /* AudiobookLifecycleManager.swift */ = {isa = PBXFileReference; fileEncoding = 4; lastKnownFileType = sourcecode.swift; path = AudiobookLifecycleManager.swift; sourceTree = "<group>"; };
		7B5441E0200EA82C0047B6C6 /* AudiobookManager.swift */ = {isa = PBXFileReference; fileEncoding = 4; lastKnownFileType = sourcecode.swift; path = AudiobookManager.swift; sourceTree = "<group>"; };
		7B5441E9200EA8740047B6C6 /* AudioEngine.framework */ = {isa = PBXFileReference; lastKnownFileType = wrapper.framework; name = AudioEngine.framework; path = AudioEngine/Debug/AudioEngine.framework; sourceTree = "<group>"; };
		7B5441F0200EAAA20047B6C6 /* PureLayout.framework */ = {isa = PBXFileReference; lastKnownFileType = wrapper.framework; name = PureLayout.framework; path = Carthage/Build/iOS/PureLayout.framework; sourceTree = "<group>"; };
		7B5441F3200FB3EE0047B6C6 /* Media.xcassets */ = {isa = PBXFileReference; lastKnownFileType = folder.assetcatalog; path = Media.xcassets; sourceTree = "<group>"; };
		7B6C1BCF203F1CDA00EB791E /* AudiobookNetworkService.swift */ = {isa = PBXFileReference; lastKnownFileType = sourcecode.swift; path = AudiobookNetworkService.swift; sourceTree = "<group>"; };
		7B6C1BD1203F5BE600EB791E /* AudiobookTableOfContentsTableViewController.swift */ = {isa = PBXFileReference; lastKnownFileType = sourcecode.swift; path = AudiobookTableOfContentsTableViewController.swift; sourceTree = "<group>"; };
		7B6C1BD320405C4D00EB791E /* CursorTests.swift */ = {isa = PBXFileReference; lastKnownFileType = sourcecode.swift; path = CursorTests.swift; sourceTree = "<group>"; };
		7B78545A204DEE8500F6589B /* AudiobookNetworkServiceTest.swift */ = {isa = PBXFileReference; lastKnownFileType = sourcecode.swift; path = AudiobookNetworkServiceTest.swift; sourceTree = "<group>"; };
		7B78545C204DEE9900F6589B /* DownloadTaskMock.swift */ = {isa = PBXFileReference; lastKnownFileType = sourcecode.swift; path = DownloadTaskMock.swift; sourceTree = "<group>"; };
		7B78545E204DF12600F6589B /* SpineElementMock.swift */ = {isa = PBXFileReference; lastKnownFileType = sourcecode.swift; path = SpineElementMock.swift; sourceTree = "<group>"; };
		7B7B370720211CE100030A1E /* OpenAccessDownloadTask.swift */ = {isa = PBXFileReference; lastKnownFileType = sourcecode.swift; path = OpenAccessDownloadTask.swift; sourceTree = "<group>"; };
		7B7B370A202274DA00030A1E /* Player.swift */ = {isa = PBXFileReference; lastKnownFileType = sourcecode.swift; path = Player.swift; sourceTree = "<group>"; };
		7B7B370C20227A7500030A1E /* FindawayPlayer.swift */ = {isa = PBXFileReference; lastKnownFileType = sourcecode.swift; path = FindawayPlayer.swift; sourceTree = "<group>"; };
		7B7B370E20227A8200030A1E /* OpenAccessPlayer.swift */ = {isa = PBXFileReference; lastKnownFileType = sourcecode.swift; path = OpenAccessPlayer.swift; sourceTree = "<group>"; };
		7B7B37102028FC7C00030A1E /* FindawayPlaybackNotificationHandler.swift */ = {isa = PBXFileReference; lastKnownFileType = sourcecode.swift; path = FindawayPlaybackNotificationHandler.swift; sourceTree = "<group>"; };
		7B8026A2206AB0AF00012808 /* HumanReadablePlaybackRate.swift */ = {isa = PBXFileReference; lastKnownFileType = sourcecode.swift; path = HumanReadablePlaybackRate.swift; sourceTree = "<group>"; };
		7B87DCC42087AE5D00256331 /* PlayerManipulationTest.swift */ = {isa = PBXFileReference; lastKnownFileType = sourcecode.swift; path = PlayerManipulationTest.swift; sourceTree = "<group>"; };
		7B87DCC8208A48E300256331 /* AudiobookController.swift */ = {isa = PBXFileReference; lastKnownFileType = sourcecode.swift; path = AudiobookController.swift; sourceTree = "<group>"; };
		7BBF4DFB20506FF600700731 /* SleepTimer.swift */ = {isa = PBXFileReference; lastKnownFileType = sourcecode.swift; path = SleepTimer.swift; sourceTree = "<group>"; };
		7BBF4DFD2050850A00700731 /* SleepTimerTests.swift */ = {isa = PBXFileReference; lastKnownFileType = sourcecode.swift; path = SleepTimerTests.swift; sourceTree = "<group>"; };
		7BBF4DFF2050856400700731 /* PlayerMock.swift */ = {isa = PBXFileReference; lastKnownFileType = sourcecode.swift; path = PlayerMock.swift; sourceTree = "<group>"; };
		7BD759B4201279BB004CE65F /* TextWithImageView.swift */ = {isa = PBXFileReference; lastKnownFileType = sourcecode.swift; path = TextWithImageView.swift; sourceTree = "<group>"; };
		7BD759B720127E31004CE65F /* MediaPlayer.framework */ = {isa = PBXFileReference; lastKnownFileType = wrapper.framework; name = MediaPlayer.framework; path = System/Library/Frameworks/MediaPlayer.framework; sourceTree = SDKROOT; };
		7BD759BC20163B71004CE65F /* PlaybackControlView.swift */ = {isa = PBXFileReference; lastKnownFileType = sourcecode.swift; path = PlaybackControlView.swift; sourceTree = "<group>"; };
		7BD759BE20168995004CE65F /* AudiobookTableOfContents.swift */ = {isa = PBXFileReference; lastKnownFileType = sourcecode.swift; path = AudiobookTableOfContents.swift; sourceTree = "<group>"; };
		7BD759C220169084004CE65F /* FindawayDownloadTask.swift */ = {isa = PBXFileReference; lastKnownFileType = sourcecode.swift; path = FindawayDownloadTask.swift; sourceTree = "<group>"; };
		7BD759C92017CEA3004CE65F /* DownloadTask.swift */ = {isa = PBXFileReference; lastKnownFileType = sourcecode.swift; path = DownloadTask.swift; sourceTree = "<group>"; };
		7BD759CB20191980004CE65F /* CoreData.framework */ = {isa = PBXFileReference; lastKnownFileType = wrapper.framework; name = CoreData.framework; path = System/Library/Frameworks/CoreData.framework; sourceTree = SDKROOT; };
		7BD7E03A207BC61D00C122F2 /* HighlightedUIControl.swift */ = {isa = PBXFileReference; lastKnownFileType = sourcecode.swift; path = HighlightedUIControl.swift; sourceTree = "<group>"; };
		7BD7E03C207BC66400C122F2 /* ImageControlView.swift */ = {isa = PBXFileReference; lastKnownFileType = sourcecode.swift; path = ImageControlView.swift; sourceTree = "<group>"; };
		7BD8E4F9206EB49D008ED3F1 /* VoiceOverTimestamp.swift */ = {isa = PBXFileReference; lastKnownFileType = sourcecode.swift; path = VoiceOverTimestamp.swift; sourceTree = "<group>"; };
		7BD8E4FB20753BC6008ED3F1 /* Bundle.swift */ = {isa = PBXFileReference; lastKnownFileType = sourcecode.swift; path = Bundle.swift; sourceTree = "<group>"; };
		7BDD33AE204461A000CC8807 /* HumanReadableTimestamp.swift */ = {isa = PBXFileReference; lastKnownFileType = sourcecode.swift; path = HumanReadableTimestamp.swift; sourceTree = "<group>"; };
		7BDD33B02044A1B300CC8807 /* FindawayDownloadNotificationHandler.swift */ = {isa = PBXFileReference; lastKnownFileType = sourcecode.swift; path = FindawayDownloadNotificationHandler.swift; sourceTree = "<group>"; };
		7BDD33B220470A7000CC8807 /* HumanReadablePercentage.swift */ = {isa = PBXFileReference; lastKnownFileType = sourcecode.swift; path = HumanReadablePercentage.swift; sourceTree = "<group>"; };
		7BF18B2A205C467C0001992C /* ChapterInfoStack.swift */ = {isa = PBXFileReference; lastKnownFileType = sourcecode.swift; path = ChapterInfoStack.swift; sourceTree = "<group>"; };
		7BF3C445205B0A010056D46B /* HumanReadableTimeRemaining.swift */ = {isa = PBXFileReference; lastKnownFileType = sourcecode.swift; path = HumanReadableTimeRemaining.swift; sourceTree = "<group>"; };
/* End PBXFileReference section */

/* Begin PBXFrameworksBuildPhase section */
		7B544188200EA7C20047B6C6 /* Frameworks */ = {
			isa = PBXFrameworksBuildPhase;
			buildActionMask = 2147483647;
			files = (
				7BD759B820127E32004CE65F /* MediaPlayer.framework in Frameworks */,
				7B5441EA200EA8750047B6C6 /* AudioEngine.framework in Frameworks */,
				7B5441F1200EAAA20047B6C6 /* PureLayout.framework in Frameworks */,
			);
			runOnlyForDeploymentPostprocessing = 0;
		};
		7B544192200EA7C20047B6C6 /* Frameworks */ = {
			isa = PBXFrameworksBuildPhase;
			buildActionMask = 2147483647;
			files = (
				7B544196200EA7C20047B6C6 /* NYPLAudiobookToolkit.framework in Frameworks */,
			);
			runOnlyForDeploymentPostprocessing = 0;
		};
		7B5441A7200EA7E30047B6C6 /* Frameworks */ = {
			isa = PBXFrameworksBuildPhase;
			buildActionMask = 2147483647;
			files = (
				7BAFF98A201256F100DCA92A /* PureLayout.framework in Frameworks */,
				7B5441ED200EA9380047B6C6 /* NYPLAudiobookToolkit.framework in Frameworks */,
				7BAFF98C20125D1900DCA92A /* AudioEngine.framework in Frameworks */,
			);
			runOnlyForDeploymentPostprocessing = 0;
		};
		7B5441BA200EA7E40047B6C6 /* Frameworks */ = {
			isa = PBXFrameworksBuildPhase;
			buildActionMask = 2147483647;
			files = (
			);
			runOnlyForDeploymentPostprocessing = 0;
		};
		7B5441C5200EA7E40047B6C6 /* Frameworks */ = {
			isa = PBXFrameworksBuildPhase;
			buildActionMask = 2147483647;
			files = (
			);
			runOnlyForDeploymentPostprocessing = 0;
		};
/* End PBXFrameworksBuildPhase section */

/* Begin PBXGroup section */
		7B3BD9C62011737B002C5416 /* UI */ = {
			isa = PBXGroup;
			children = (
				7B5441DD200EA82C0047B6C6 /* AudiobookPlayerViewController.swift */,
				7B3BD9C72011739E002C5416 /* ScrubberView.swift */,
				7BD759B4201279BB004CE65F /* TextWithImageView.swift */,
				7BD759BC20163B71004CE65F /* PlaybackControlView.swift */,
				7B6C1BD1203F5BE600EB791E /* AudiobookTableOfContentsTableViewController.swift */,
				7BF18B2A205C467C0001992C /* ChapterInfoStack.swift */,
				7BD7E03A207BC61D00C122F2 /* HighlightedUIControl.swift */,
				7BD7E03C207BC66400C122F2 /* ImageControlView.swift */,
			);
			path = UI;
			sourceTree = "<group>";
		};
		7B544182200EA7C20047B6C6 = {
			isa = PBXGroup;
			children = (
				7B54418E200EA7C20047B6C6 /* NYPLAudiobookToolkit */,
				7B544199200EA7C20047B6C6 /* NYPLAudiobookToolkitTests */,
				7B5441AB200EA7E30047B6C6 /* NYPLAudiobookToolkitDemoApp */,
				7B5441C0200EA7E40047B6C6 /* NYPLAudiobookToolkitDemoAppTests */,
				7B5441CB200EA7E40047B6C6 /* NYPLAudiobookToolkitDemoAppUITests */,
				7B54418D200EA7C20047B6C6 /* Products */,
				7B5441E8200EA8740047B6C6 /* Frameworks */,
			);
			sourceTree = "<group>";
		};
		7B54418D200EA7C20047B6C6 /* Products */ = {
			isa = PBXGroup;
			children = (
				7B54418C200EA7C20047B6C6 /* NYPLAudiobookToolkit.framework */,
				7B544195200EA7C20047B6C6 /* NYPLAudiobookToolkitTests.xctest */,
				7B5441AA200EA7E30047B6C6 /* NYPLAudiobookToolkitDemoApp.app */,
				7B5441BD200EA7E40047B6C6 /* NYPLAudiobookToolkitDemoAppTests.xctest */,
				7B5441C8200EA7E40047B6C6 /* NYPLAudiobookToolkitDemoAppUITests.xctest */,
			);
			name = Products;
			sourceTree = "<group>";
		};
		7B54418E200EA7C20047B6C6 /* NYPLAudiobookToolkit */ = {
			isa = PBXGroup;
			children = (
				7B7B3709202274C400030A1E /* Player */,
				7BD759C120168FF5004CE65F /* Network */,
				7B987FDA201B88FF00A94B12 /* Core */,
				7B3BD9C62011737B002C5416 /* UI */,
				7B54418F200EA7C20047B6C6 /* NYPLAudiobookToolkit.h */,
				7B544190200EA7C20047B6C6 /* Info.plist */,
				7B5441F3200FB3EE0047B6C6 /* Media.xcassets */,
			);
			path = NYPLAudiobookToolkit;
			sourceTree = "<group>";
		};
		7B544199200EA7C20047B6C6 /* NYPLAudiobookToolkitTests */ = {
			isa = PBXGroup;
			children = (
				7B54419C200EA7C20047B6C6 /* Info.plist */,
				7B6C1BD320405C4D00EB791E /* CursorTests.swift */,
				7B78545A204DEE8500F6589B /* AudiobookNetworkServiceTest.swift */,
				7B78545C204DEE9900F6589B /* DownloadTaskMock.swift */,
				7B78545E204DF12600F6589B /* SpineElementMock.swift */,
				7BBF4DFD2050850A00700731 /* SleepTimerTests.swift */,
				7BBF4DFF2050856400700731 /* PlayerMock.swift */,
				7B473A2C20640D030074D472 /* ScrubberProgressTests.swift */,
				7B473A2E20642FAA0074D472 /* ScrubberUIStateTests.swift */,
				7B87DCC42087AE5D00256331 /* PlayerManipulationTest.swift */,
			);
			path = NYPLAudiobookToolkitTests;
			sourceTree = "<group>";
		};
		7B5441AB200EA7E30047B6C6 /* NYPLAudiobookToolkitDemoApp */ = {
			isa = PBXGroup;
			children = (
				7B5441AC200EA7E30047B6C6 /* AppDelegate.swift */,
				7B5441AE200EA7E30047B6C6 /* ViewController.swift */,
				7B5441B0200EA7E30047B6C6 /* Main.storyboard */,
				7B5441B3200EA7E30047B6C6 /* Assets.xcassets */,
				7B5441B5200EA7E30047B6C6 /* LaunchScreen.storyboard */,
				7B5441B8200EA7E30047B6C6 /* Info.plist */,
				7B87DCC8208A48E300256331 /* AudiobookController.swift */,
			);
			path = NYPLAudiobookToolkitDemoApp;
			sourceTree = "<group>";
		};
		7B5441C0200EA7E40047B6C6 /* NYPLAudiobookToolkitDemoAppTests */ = {
			isa = PBXGroup;
			children = (
				7B5441C1200EA7E40047B6C6 /* NYPLAudiobookToolkitDemoAppTests.swift */,
				7B5441C3200EA7E40047B6C6 /* Info.plist */,
			);
			path = NYPLAudiobookToolkitDemoAppTests;
			sourceTree = "<group>";
		};
		7B5441CB200EA7E40047B6C6 /* NYPLAudiobookToolkitDemoAppUITests */ = {
			isa = PBXGroup;
			children = (
				7B5441CC200EA7E40047B6C6 /* NYPLAudiobookToolkitDemoAppUITests.swift */,
				7B5441CE200EA7E40047B6C6 /* Info.plist */,
			);
			path = NYPLAudiobookToolkitDemoAppUITests;
			sourceTree = "<group>";
		};
		7B5441E8200EA8740047B6C6 /* Frameworks */ = {
			isa = PBXGroup;
			children = (
				7BD759CB20191980004CE65F /* CoreData.framework */,
				7BD759B720127E31004CE65F /* MediaPlayer.framework */,
				7B5441F0200EAAA20047B6C6 /* PureLayout.framework */,
				7B5441E9200EA8740047B6C6 /* AudioEngine.framework */,
			);
			name = Frameworks;
			sourceTree = "<group>";
		};
		7B7B3709202274C400030A1E /* Player */ = {
			isa = PBXGroup;
			children = (
				7B7B370A202274DA00030A1E /* Player.swift */,
				7B7B370C20227A7500030A1E /* FindawayPlayer.swift */,
				7B7B37102028FC7C00030A1E /* FindawayPlaybackNotificationHandler.swift */,
				7B7B370E20227A8200030A1E /* OpenAccessPlayer.swift */,
				7BBF4DFB20506FF600700731 /* SleepTimer.swift */,
			);
			path = Player;
			sourceTree = "<group>";
		};
		7B987FDA201B88FF00A94B12 /* Core */ = {
			isa = PBXGroup;
			children = (
				7BD759BE20168995004CE65F /* AudiobookTableOfContents.swift */,
				7B5441DA200EA82C0047B6C6 /* AudiobookMetadata.swift */,
				7B5441E0200EA82C0047B6C6 /* AudiobookManager.swift */,
				7B5441DC200EA82C0047B6C6 /* Audiobook.swift */,
				7B5441DF200EA82C0047B6C6 /* AudiobookLifecycleManager.swift */,
				7B4F1B1F20361546003F047B /* Cursor.swift */,
				7BDD33AE204461A000CC8807 /* HumanReadableTimestamp.swift */,
				7BDD33B220470A7000CC8807 /* HumanReadablePercentage.swift */,
				7BF3C445205B0A010056D46B /* HumanReadableTimeRemaining.swift */,
				7B8026A2206AB0AF00012808 /* HumanReadablePlaybackRate.swift */,
				7BD8E4F9206EB49D008ED3F1 /* VoiceOverTimestamp.swift */,
				7BD8E4FB20753BC6008ED3F1 /* Bundle.swift */,
			);
			path = Core;
			sourceTree = "<group>";
		};
		7BD759C120168FF5004CE65F /* Network */ = {
			isa = PBXGroup;
			children = (
				7BD759C220169084004CE65F /* FindawayDownloadTask.swift */,
				7BD759C92017CEA3004CE65F /* DownloadTask.swift */,
				7B7B370720211CE100030A1E /* OpenAccessDownloadTask.swift */,
				7B6C1BCF203F1CDA00EB791E /* AudiobookNetworkService.swift */,
				7BDD33B02044A1B300CC8807 /* FindawayDownloadNotificationHandler.swift */,
			);
			path = Network;
			sourceTree = "<group>";
		};
/* End PBXGroup section */

/* Begin PBXHeadersBuildPhase section */
		7B544189200EA7C20047B6C6 /* Headers */ = {
			isa = PBXHeadersBuildPhase;
			buildActionMask = 2147483647;
			files = (
				7B54419D200EA7C20047B6C6 /* NYPLAudiobookToolkit.h in Headers */,
			);
			runOnlyForDeploymentPostprocessing = 0;
		};
/* End PBXHeadersBuildPhase section */

/* Begin PBXNativeTarget section */
		7B54418B200EA7C20047B6C6 /* NYPLAudiobookToolkit */ = {
			isa = PBXNativeTarget;
			buildConfigurationList = 7B5441A0200EA7C20047B6C6 /* Build configuration list for PBXNativeTarget "NYPLAudiobookToolkit" */;
			buildPhases = (
				7B544187200EA7C20047B6C6 /* Sources */,
				7B544188200EA7C20047B6C6 /* Frameworks */,
				7B544189200EA7C20047B6C6 /* Headers */,
				7B54418A200EA7C20047B6C6 /* Resources */,
				7B5441EB200EA8810047B6C6 /* Copy Files */,
			);
			buildRules = (
			);
			dependencies = (
			);
			name = NYPLAudiobookToolkit;
			productName = NYPLAudiobookToolkit;
			productReference = 7B54418C200EA7C20047B6C6 /* NYPLAudiobookToolkit.framework */;
			productType = "com.apple.product-type.framework";
		};
		7B544194200EA7C20047B6C6 /* NYPLAudiobookToolkitTests */ = {
			isa = PBXNativeTarget;
			buildConfigurationList = 7B5441A3200EA7C20047B6C6 /* Build configuration list for PBXNativeTarget "NYPLAudiobookToolkitTests" */;
			buildPhases = (
				7B544191200EA7C20047B6C6 /* Sources */,
				7B544192200EA7C20047B6C6 /* Frameworks */,
				7B544193200EA7C20047B6C6 /* Resources */,
			);
			buildRules = (
			);
			dependencies = (
				7B544198200EA7C20047B6C6 /* PBXTargetDependency */,
			);
			name = NYPLAudiobookToolkitTests;
			productName = NYPLAudiobookToolkitTests;
			productReference = 7B544195200EA7C20047B6C6 /* NYPLAudiobookToolkitTests.xctest */;
			productType = "com.apple.product-type.bundle.unit-test";
		};
		7B5441A9200EA7E30047B6C6 /* NYPLAudiobookToolkitDemoApp */ = {
			isa = PBXNativeTarget;
			buildConfigurationList = 7B5441CF200EA7E40047B6C6 /* Build configuration list for PBXNativeTarget "NYPLAudiobookToolkitDemoApp" */;
			buildPhases = (
				7B5441A6200EA7E30047B6C6 /* Sources */,
				7B5441A7200EA7E30047B6C6 /* Frameworks */,
				7B5441A8200EA7E30047B6C6 /* Resources */,
				7B5441EF200EA9380047B6C6 /* Embed Frameworks */,
			);
			buildRules = (
			);
			dependencies = (
				7B5441D9200EA8020047B6C6 /* PBXTargetDependency */,
			);
			name = NYPLAudiobookToolkitDemoApp;
			productName = NYPLAudiobookToolkitDemoApp;
			productReference = 7B5441AA200EA7E30047B6C6 /* NYPLAudiobookToolkitDemoApp.app */;
			productType = "com.apple.product-type.application";
		};
		7B5441BC200EA7E40047B6C6 /* NYPLAudiobookToolkitDemoAppTests */ = {
			isa = PBXNativeTarget;
			buildConfigurationList = 7B5441D2200EA7E40047B6C6 /* Build configuration list for PBXNativeTarget "NYPLAudiobookToolkitDemoAppTests" */;
			buildPhases = (
				7B5441B9200EA7E40047B6C6 /* Sources */,
				7B5441BA200EA7E40047B6C6 /* Frameworks */,
				7B5441BB200EA7E40047B6C6 /* Resources */,
			);
			buildRules = (
			);
			dependencies = (
				7B5441BF200EA7E40047B6C6 /* PBXTargetDependency */,
			);
			name = NYPLAudiobookToolkitDemoAppTests;
			productName = NYPLAudiobookToolkitDemoAppTests;
			productReference = 7B5441BD200EA7E40047B6C6 /* NYPLAudiobookToolkitDemoAppTests.xctest */;
			productType = "com.apple.product-type.bundle.unit-test";
		};
		7B5441C7200EA7E40047B6C6 /* NYPLAudiobookToolkitDemoAppUITests */ = {
			isa = PBXNativeTarget;
			buildConfigurationList = 7B5441D5200EA7E40047B6C6 /* Build configuration list for PBXNativeTarget "NYPLAudiobookToolkitDemoAppUITests" */;
			buildPhases = (
				7B5441C4200EA7E40047B6C6 /* Sources */,
				7B5441C5200EA7E40047B6C6 /* Frameworks */,
				7B5441C6200EA7E40047B6C6 /* Resources */,
			);
			buildRules = (
			);
			dependencies = (
				7B5441CA200EA7E40047B6C6 /* PBXTargetDependency */,
			);
			name = NYPLAudiobookToolkitDemoAppUITests;
			productName = NYPLAudiobookToolkitDemoAppUITests;
			productReference = 7B5441C8200EA7E40047B6C6 /* NYPLAudiobookToolkitDemoAppUITests.xctest */;
			productType = "com.apple.product-type.bundle.ui-testing";
		};
/* End PBXNativeTarget section */

/* Begin PBXProject section */
		7B544183200EA7C20047B6C6 /* Project object */ = {
			isa = PBXProject;
			attributes = {
				LastSwiftUpdateCheck = 0920;
				LastUpgradeCheck = 0930;
				ORGANIZATIONNAME = "Dean Silfen";
				TargetAttributes = {
					7B54418B200EA7C20047B6C6 = {
						CreatedOnToolsVersion = 9.2;
						LastSwiftMigration = 0920;
						ProvisioningStyle = Automatic;
					};
					7B544194200EA7C20047B6C6 = {
						CreatedOnToolsVersion = 9.2;
						ProvisioningStyle = Automatic;
					};
					7B5441A9200EA7E30047B6C6 = {
						CreatedOnToolsVersion = 9.2;
						ProvisioningStyle = Automatic;
						SystemCapabilities = {
							com.apple.BackgroundModes = {
								enabled = 1;
							};
						};
					};
					7B5441BC200EA7E40047B6C6 = {
						CreatedOnToolsVersion = 9.2;
						ProvisioningStyle = Automatic;
						TestTargetID = 7B5441A9200EA7E30047B6C6;
					};
					7B5441C7200EA7E40047B6C6 = {
						CreatedOnToolsVersion = 9.2;
						ProvisioningStyle = Automatic;
						TestTargetID = 7B5441A9200EA7E30047B6C6;
					};
				};
			};
			buildConfigurationList = 7B544186200EA7C20047B6C6 /* Build configuration list for PBXProject "NYPLAudiobookToolkit" */;
			compatibilityVersion = "Xcode 8.0";
			developmentRegion = en;
			hasScannedForEncodings = 0;
			knownRegions = (
				en,
				Base,
			);
			mainGroup = 7B544182200EA7C20047B6C6;
			productRefGroup = 7B54418D200EA7C20047B6C6 /* Products */;
			projectDirPath = "";
			projectRoot = "";
			targets = (
				7B54418B200EA7C20047B6C6 /* NYPLAudiobookToolkit */,
				7B544194200EA7C20047B6C6 /* NYPLAudiobookToolkitTests */,
				7B5441A9200EA7E30047B6C6 /* NYPLAudiobookToolkitDemoApp */,
				7B5441BC200EA7E40047B6C6 /* NYPLAudiobookToolkitDemoAppTests */,
				7B5441C7200EA7E40047B6C6 /* NYPLAudiobookToolkitDemoAppUITests */,
			);
		};
/* End PBXProject section */

/* Begin PBXResourcesBuildPhase section */
		7B54418A200EA7C20047B6C6 /* Resources */ = {
			isa = PBXResourcesBuildPhase;
			buildActionMask = 2147483647;
			files = (
				7B3BD9CC2011848B002C5416 /* Media.xcassets in Resources */,
			);
			runOnlyForDeploymentPostprocessing = 0;
		};
		7B544193200EA7C20047B6C6 /* Resources */ = {
			isa = PBXResourcesBuildPhase;
			buildActionMask = 2147483647;
			files = (
			);
			runOnlyForDeploymentPostprocessing = 0;
		};
		7B5441A8200EA7E30047B6C6 /* Resources */ = {
			isa = PBXResourcesBuildPhase;
			buildActionMask = 2147483647;
			files = (
				7B5441B7200EA7E30047B6C6 /* LaunchScreen.storyboard in Resources */,
				7B5441B4200EA7E30047B6C6 /* Assets.xcassets in Resources */,
				7B5441B2200EA7E30047B6C6 /* Main.storyboard in Resources */,
			);
			runOnlyForDeploymentPostprocessing = 0;
		};
		7B5441BB200EA7E40047B6C6 /* Resources */ = {
			isa = PBXResourcesBuildPhase;
			buildActionMask = 2147483647;
			files = (
			);
			runOnlyForDeploymentPostprocessing = 0;
		};
		7B5441C6200EA7E40047B6C6 /* Resources */ = {
			isa = PBXResourcesBuildPhase;
			buildActionMask = 2147483647;
			files = (
			);
			runOnlyForDeploymentPostprocessing = 0;
		};
/* End PBXResourcesBuildPhase section */

/* Begin PBXSourcesBuildPhase section */
		7B544187200EA7C20047B6C6 /* Sources */ = {
			isa = PBXSourcesBuildPhase;
			buildActionMask = 2147483647;
			files = (
				7B7B370D20227A7500030A1E /* FindawayPlayer.swift in Sources */,
				7BD8E4FC20753BC6008ED3F1 /* Bundle.swift in Sources */,
				7B5441E4200EA82C0047B6C6 /* AudiobookPlayerViewController.swift in Sources */,
				7BF3C446205B0A010056D46B /* HumanReadableTimeRemaining.swift in Sources */,
				7B6C1BD0203F1CDA00EB791E /* AudiobookNetworkService.swift in Sources */,
				7B8026A3206AB0AF00012808 /* HumanReadablePlaybackRate.swift in Sources */,
				7B7B370F20227A8200030A1E /* OpenAccessPlayer.swift in Sources */,
				7B3BD9C82011739E002C5416 /* ScrubberView.swift in Sources */,
				7BD7E03D207BC66400C122F2 /* ImageControlView.swift in Sources */,
				7BD759C320169084004CE65F /* FindawayDownloadTask.swift in Sources */,
				7B4F1B2020361547003F047B /* Cursor.swift in Sources */,
				7B5441E3200EA82C0047B6C6 /* Audiobook.swift in Sources */,
				7BDD33B12044A1B300CC8807 /* FindawayDownloadNotificationHandler.swift in Sources */,
				7B5441E6200EA82C0047B6C6 /* AudiobookLifecycleManager.swift in Sources */,
				7BD7E03B207BC61D00C122F2 /* HighlightedUIControl.swift in Sources */,
				7B5441E7200EA82C0047B6C6 /* AudiobookManager.swift in Sources */,
				7BDD33B320470A7100CC8807 /* HumanReadablePercentage.swift in Sources */,
				7B5441E1200EA82C0047B6C6 /* AudiobookMetadata.swift in Sources */,
				7BD759B5201279BB004CE65F /* TextWithImageView.swift in Sources */,
				7B7B370B202274DA00030A1E /* Player.swift in Sources */,
				7BBF4DFC20506FF600700731 /* SleepTimer.swift in Sources */,
				7B7B370820211CE100030A1E /* OpenAccessDownloadTask.swift in Sources */,
				7B6C1BD2203F5BE600EB791E /* AudiobookTableOfContentsTableViewController.swift in Sources */,
				7BDD33AF204461A000CC8807 /* HumanReadableTimestamp.swift in Sources */,
				7BF18B2B205C467C0001992C /* ChapterInfoStack.swift in Sources */,
				7BD759BD20163B71004CE65F /* PlaybackControlView.swift in Sources */,
				7BD759CA2017CEA3004CE65F /* DownloadTask.swift in Sources */,
				7BD8E4FA206EB49D008ED3F1 /* VoiceOverTimestamp.swift in Sources */,
				7B7B37112028FC7D00030A1E /* FindawayPlaybackNotificationHandler.swift in Sources */,
				7BD759BF20168995004CE65F /* AudiobookTableOfContents.swift in Sources */,
			);
			runOnlyForDeploymentPostprocessing = 0;
		};
		7B544191200EA7C20047B6C6 /* Sources */ = {
			isa = PBXSourcesBuildPhase;
			buildActionMask = 2147483647;
			files = (
				7B473A2F20642FAA0074D472 /* ScrubberUIStateTests.swift in Sources */,
				7BBF4E002050856400700731 /* PlayerMock.swift in Sources */,
				7BBF4DFE2050850A00700731 /* SleepTimerTests.swift in Sources */,
				7B78545B204DEE8500F6589B /* AudiobookNetworkServiceTest.swift in Sources */,
				7B78545D204DEE9900F6589B /* DownloadTaskMock.swift in Sources */,
				7B78545F204DF12600F6589B /* SpineElementMock.swift in Sources */,
				7B473A2D20640D030074D472 /* ScrubberProgressTests.swift in Sources */,
				7B6C1BD420405C4D00EB791E /* CursorTests.swift in Sources */,
				7B87DCC52087AE5D00256331 /* PlayerManipulationTest.swift in Sources */,
			);
			runOnlyForDeploymentPostprocessing = 0;
		};
		7B5441A6200EA7E30047B6C6 /* Sources */ = {
			isa = PBXSourcesBuildPhase;
			buildActionMask = 2147483647;
			files = (
				7B5441AF200EA7E30047B6C6 /* ViewController.swift in Sources */,
				7B87DCC9208A48E300256331 /* AudiobookController.swift in Sources */,
				7B5441AD200EA7E30047B6C6 /* AppDelegate.swift in Sources */,
			);
			runOnlyForDeploymentPostprocessing = 0;
		};
		7B5441B9200EA7E40047B6C6 /* Sources */ = {
			isa = PBXSourcesBuildPhase;
			buildActionMask = 2147483647;
			files = (
				7B5441C2200EA7E40047B6C6 /* NYPLAudiobookToolkitDemoAppTests.swift in Sources */,
			);
			runOnlyForDeploymentPostprocessing = 0;
		};
		7B5441C4200EA7E40047B6C6 /* Sources */ = {
			isa = PBXSourcesBuildPhase;
			buildActionMask = 2147483647;
			files = (
				7B5441CD200EA7E40047B6C6 /* NYPLAudiobookToolkitDemoAppUITests.swift in Sources */,
			);
			runOnlyForDeploymentPostprocessing = 0;
		};
/* End PBXSourcesBuildPhase section */

/* Begin PBXTargetDependency section */
		7B544198200EA7C20047B6C6 /* PBXTargetDependency */ = {
			isa = PBXTargetDependency;
			target = 7B54418B200EA7C20047B6C6 /* NYPLAudiobookToolkit */;
			targetProxy = 7B544197200EA7C20047B6C6 /* PBXContainerItemProxy */;
		};
		7B5441BF200EA7E40047B6C6 /* PBXTargetDependency */ = {
			isa = PBXTargetDependency;
			target = 7B5441A9200EA7E30047B6C6 /* NYPLAudiobookToolkitDemoApp */;
			targetProxy = 7B5441BE200EA7E40047B6C6 /* PBXContainerItemProxy */;
		};
		7B5441CA200EA7E40047B6C6 /* PBXTargetDependency */ = {
			isa = PBXTargetDependency;
			target = 7B5441A9200EA7E30047B6C6 /* NYPLAudiobookToolkitDemoApp */;
			targetProxy = 7B5441C9200EA7E40047B6C6 /* PBXContainerItemProxy */;
		};
		7B5441D9200EA8020047B6C6 /* PBXTargetDependency */ = {
			isa = PBXTargetDependency;
			target = 7B54418B200EA7C20047B6C6 /* NYPLAudiobookToolkit */;
			targetProxy = 7B5441D8200EA8020047B6C6 /* PBXContainerItemProxy */;
		};
/* End PBXTargetDependency section */

/* Begin PBXVariantGroup section */
		7B5441B0200EA7E30047B6C6 /* Main.storyboard */ = {
			isa = PBXVariantGroup;
			children = (
				7B5441B1200EA7E30047B6C6 /* Base */,
			);
			name = Main.storyboard;
			sourceTree = "<group>";
		};
		7B5441B5200EA7E30047B6C6 /* LaunchScreen.storyboard */ = {
			isa = PBXVariantGroup;
			children = (
				7B5441B6200EA7E30047B6C6 /* Base */,
			);
			name = LaunchScreen.storyboard;
			sourceTree = "<group>";
		};
/* End PBXVariantGroup section */

/* Begin XCBuildConfiguration section */
		7B54419E200EA7C20047B6C6 /* Debug */ = {
			isa = XCBuildConfiguration;
			buildSettings = {
				ALWAYS_SEARCH_USER_PATHS = NO;
				CLANG_ANALYZER_NONNULL = YES;
				CLANG_ANALYZER_NUMBER_OBJECT_CONVERSION = YES_AGGRESSIVE;
				CLANG_CXX_LANGUAGE_STANDARD = "gnu++14";
				CLANG_CXX_LIBRARY = "libc++";
				CLANG_ENABLE_MODULES = YES;
				CLANG_ENABLE_OBJC_ARC = YES;
				CLANG_WARN_BLOCK_CAPTURE_AUTORELEASING = YES;
				CLANG_WARN_BOOL_CONVERSION = YES;
				CLANG_WARN_COMMA = YES;
				CLANG_WARN_CONSTANT_CONVERSION = YES;
				CLANG_WARN_DEPRECATED_OBJC_IMPLEMENTATIONS = YES;
				CLANG_WARN_DIRECT_OBJC_ISA_USAGE = YES_ERROR;
				CLANG_WARN_DOCUMENTATION_COMMENTS = YES;
				CLANG_WARN_EMPTY_BODY = YES;
				CLANG_WARN_ENUM_CONVERSION = YES;
				CLANG_WARN_INFINITE_RECURSION = YES;
				CLANG_WARN_INT_CONVERSION = YES;
				CLANG_WARN_NON_LITERAL_NULL_CONVERSION = YES;
				CLANG_WARN_OBJC_IMPLICIT_RETAIN_SELF = YES;
				CLANG_WARN_OBJC_LITERAL_CONVERSION = YES;
				CLANG_WARN_OBJC_ROOT_CLASS = YES_ERROR;
				CLANG_WARN_RANGE_LOOP_ANALYSIS = YES;
				CLANG_WARN_STRICT_PROTOTYPES = YES;
				CLANG_WARN_SUSPICIOUS_MOVE = YES;
				CLANG_WARN_UNGUARDED_AVAILABILITY = YES_AGGRESSIVE;
				CLANG_WARN_UNREACHABLE_CODE = YES;
				CLANG_WARN__DUPLICATE_METHOD_MATCH = YES;
				CODE_SIGN_IDENTITY = "iPhone Developer";
				COPY_PHASE_STRIP = NO;
				CURRENT_PROJECT_VERSION = 1;
				DEBUG_INFORMATION_FORMAT = dwarf;
				ENABLE_STRICT_OBJC_MSGSEND = YES;
				ENABLE_TESTABILITY = YES;
				GCC_C_LANGUAGE_STANDARD = gnu11;
				GCC_DYNAMIC_NO_PIC = NO;
				GCC_NO_COMMON_BLOCKS = YES;
				GCC_OPTIMIZATION_LEVEL = 0;
				GCC_PREPROCESSOR_DEFINITIONS = (
					"DEBUG=1",
					"$(inherited)",
				);
				GCC_WARN_64_TO_32_BIT_CONVERSION = YES;
				GCC_WARN_ABOUT_RETURN_TYPE = YES_ERROR;
				GCC_WARN_UNDECLARED_SELECTOR = YES;
				GCC_WARN_UNINITIALIZED_AUTOS = YES_AGGRESSIVE;
				GCC_WARN_UNUSED_FUNCTION = YES;
				GCC_WARN_UNUSED_VARIABLE = YES;
				IPHONEOS_DEPLOYMENT_TARGET = 8.0;
				MTL_ENABLE_DEBUG_INFO = YES;
				ONLY_ACTIVE_ARCH = YES;
				SDKROOT = iphoneos;
				SWIFT_ACTIVE_COMPILATION_CONDITIONS = DEBUG;
				SWIFT_OPTIMIZATION_LEVEL = "-Onone";
				VERSIONING_SYSTEM = "apple-generic";
				VERSION_INFO_PREFIX = "";
			};
			name = Debug;
		};
		7B54419F200EA7C20047B6C6 /* Release */ = {
			isa = XCBuildConfiguration;
			buildSettings = {
				ALWAYS_SEARCH_USER_PATHS = NO;
				CLANG_ANALYZER_NONNULL = YES;
				CLANG_ANALYZER_NUMBER_OBJECT_CONVERSION = YES_AGGRESSIVE;
				CLANG_CXX_LANGUAGE_STANDARD = "gnu++14";
				CLANG_CXX_LIBRARY = "libc++";
				CLANG_ENABLE_MODULES = YES;
				CLANG_ENABLE_OBJC_ARC = YES;
				CLANG_WARN_BLOCK_CAPTURE_AUTORELEASING = YES;
				CLANG_WARN_BOOL_CONVERSION = YES;
				CLANG_WARN_COMMA = YES;
				CLANG_WARN_CONSTANT_CONVERSION = YES;
				CLANG_WARN_DEPRECATED_OBJC_IMPLEMENTATIONS = YES;
				CLANG_WARN_DIRECT_OBJC_ISA_USAGE = YES_ERROR;
				CLANG_WARN_DOCUMENTATION_COMMENTS = YES;
				CLANG_WARN_EMPTY_BODY = YES;
				CLANG_WARN_ENUM_CONVERSION = YES;
				CLANG_WARN_INFINITE_RECURSION = YES;
				CLANG_WARN_INT_CONVERSION = YES;
				CLANG_WARN_NON_LITERAL_NULL_CONVERSION = YES;
				CLANG_WARN_OBJC_IMPLICIT_RETAIN_SELF = YES;
				CLANG_WARN_OBJC_LITERAL_CONVERSION = YES;
				CLANG_WARN_OBJC_ROOT_CLASS = YES_ERROR;
				CLANG_WARN_RANGE_LOOP_ANALYSIS = YES;
				CLANG_WARN_STRICT_PROTOTYPES = YES;
				CLANG_WARN_SUSPICIOUS_MOVE = YES;
				CLANG_WARN_UNGUARDED_AVAILABILITY = YES_AGGRESSIVE;
				CLANG_WARN_UNREACHABLE_CODE = YES;
				CLANG_WARN__DUPLICATE_METHOD_MATCH = YES;
				CODE_SIGN_IDENTITY = "iPhone Developer";
				COPY_PHASE_STRIP = NO;
				CURRENT_PROJECT_VERSION = 1;
				DEBUG_INFORMATION_FORMAT = "dwarf-with-dsym";
				ENABLE_NS_ASSERTIONS = NO;
				ENABLE_STRICT_OBJC_MSGSEND = YES;
				GCC_C_LANGUAGE_STANDARD = gnu11;
				GCC_NO_COMMON_BLOCKS = YES;
				GCC_WARN_64_TO_32_BIT_CONVERSION = YES;
				GCC_WARN_ABOUT_RETURN_TYPE = YES_ERROR;
				GCC_WARN_UNDECLARED_SELECTOR = YES;
				GCC_WARN_UNINITIALIZED_AUTOS = YES_AGGRESSIVE;
				GCC_WARN_UNUSED_FUNCTION = YES;
				GCC_WARN_UNUSED_VARIABLE = YES;
				IPHONEOS_DEPLOYMENT_TARGET = 8.0;
				MTL_ENABLE_DEBUG_INFO = NO;
				SDKROOT = iphoneos;
				SWIFT_OPTIMIZATION_LEVEL = "-Owholemodule";
				VALIDATE_PRODUCT = YES;
				VERSIONING_SYSTEM = "apple-generic";
				VERSION_INFO_PREFIX = "";
			};
			name = Release;
		};
		7B5441A1200EA7C20047B6C6 /* Debug */ = {
			isa = XCBuildConfiguration;
			buildSettings = {
				CLANG_ENABLE_MODULES = YES;
				CODE_SIGN_IDENTITY = "";
				CODE_SIGN_STYLE = Automatic;
				DEFINES_MODULE = YES;
				DEVELOPMENT_TEAM = 7262U6ST2R;
				DYLIB_COMPATIBILITY_VERSION = 1;
				DYLIB_CURRENT_VERSION = 1;
				DYLIB_INSTALL_NAME_BASE = "@rpath";
				FRAMEWORK_SEARCH_PATHS = (
					"$(inherited)",
					"$(PROJECT_DIR)/AudioEngine/Debug",
					"$(PROJECT_DIR)/Carthage/Build/iOS",
				);
				INFOPLIST_FILE = NYPLAudiobookToolkit/Info.plist;
				INSTALL_PATH = "$(LOCAL_LIBRARY_DIR)/Frameworks";
				LD_RUNPATH_SEARCH_PATHS = "$(inherited) @executable_path/Frameworks @loader_path/Frameworks";
				PRODUCT_BUNDLE_IDENTIFIER = NYPLAudiobooksToolkit.NYPLAudiobookToolkit;
				PRODUCT_NAME = "$(TARGET_NAME:c99extidentifier)";
				SKIP_INSTALL = NO;
				SWIFT_OPTIMIZATION_LEVEL = "-Onone";
				SWIFT_VERSION = 4.0;
				TARGETED_DEVICE_FAMILY = "1,2";
			};
			name = Debug;
		};
		7B5441A2200EA7C20047B6C6 /* Release */ = {
			isa = XCBuildConfiguration;
			buildSettings = {
				CLANG_ENABLE_MODULES = YES;
				CODE_SIGN_IDENTITY = "";
				CODE_SIGN_STYLE = Automatic;
				DEFINES_MODULE = YES;
				DEVELOPMENT_TEAM = 7262U6ST2R;
				DYLIB_COMPATIBILITY_VERSION = 1;
				DYLIB_CURRENT_VERSION = 1;
				DYLIB_INSTALL_NAME_BASE = "@rpath";
				FRAMEWORK_SEARCH_PATHS = (
					"$(inherited)",
					"$(PROJECT_DIR)/AudioEngine/Debug",
					"$(PROJECT_DIR)/Carthage/Build/iOS",
				);
				INFOPLIST_FILE = NYPLAudiobookToolkit/Info.plist;
				INSTALL_PATH = "$(LOCAL_LIBRARY_DIR)/Frameworks";
				LD_RUNPATH_SEARCH_PATHS = "$(inherited) @executable_path/Frameworks @loader_path/Frameworks";
				PRODUCT_BUNDLE_IDENTIFIER = NYPLAudiobooksToolkit.NYPLAudiobookToolkit;
				PRODUCT_NAME = "$(TARGET_NAME:c99extidentifier)";
				SKIP_INSTALL = NO;
				SWIFT_VERSION = 4.0;
				TARGETED_DEVICE_FAMILY = "1,2";
			};
			name = Release;
		};
		7B5441A4200EA7C20047B6C6 /* Debug */ = {
			isa = XCBuildConfiguration;
			buildSettings = {
				ALWAYS_EMBED_SWIFT_STANDARD_LIBRARIES = YES;
				CODE_SIGN_STYLE = Automatic;
				DEVELOPMENT_TEAM = 7262U6ST2R;
				INFOPLIST_FILE = NYPLAudiobookToolkitTests/Info.plist;
				LD_RUNPATH_SEARCH_PATHS = "$(inherited) @executable_path/Frameworks @loader_path/Frameworks";
				PRODUCT_BUNDLE_IDENTIFIER = NYPLAudiobooksToolkit.NYPLAudiobookToolkitTests;
				PRODUCT_NAME = "$(TARGET_NAME)";
				SWIFT_VERSION = 4.0;
				TARGETED_DEVICE_FAMILY = "1,2";
			};
			name = Debug;
		};
		7B5441A5200EA7C20047B6C6 /* Release */ = {
			isa = XCBuildConfiguration;
			buildSettings = {
				ALWAYS_EMBED_SWIFT_STANDARD_LIBRARIES = YES;
				CODE_SIGN_STYLE = Automatic;
				DEVELOPMENT_TEAM = 7262U6ST2R;
				INFOPLIST_FILE = NYPLAudiobookToolkitTests/Info.plist;
				LD_RUNPATH_SEARCH_PATHS = "$(inherited) @executable_path/Frameworks @loader_path/Frameworks";
				PRODUCT_BUNDLE_IDENTIFIER = NYPLAudiobooksToolkit.NYPLAudiobookToolkitTests;
				PRODUCT_NAME = "$(TARGET_NAME)";
				SWIFT_VERSION = 4.0;
				TARGETED_DEVICE_FAMILY = "1,2";
			};
			name = Release;
		};
		7B5441D0200EA7E40047B6C6 /* Debug */ = {
			isa = XCBuildConfiguration;
			buildSettings = {
				ALWAYS_EMBED_SWIFT_STANDARD_LIBRARIES = YES;
				ASSETCATALOG_COMPILER_APPICON_NAME = AppIcon;
				CODE_SIGN_STYLE = Automatic;
				DEVELOPMENT_TEAM = 7262U6ST2R;
				FRAMEWORK_SEARCH_PATHS = (
					"$(inherited)",
					"$(PROJECT_DIR)/Carthage/Build/iOS",
					"$(PROJECT_DIR)/AudioEngine/Debug",
				);
				INFOPLIST_FILE = NYPLAudiobookToolkitDemoApp/Info.plist;
				LD_RUNPATH_SEARCH_PATHS = "$(inherited) @executable_path/Frameworks";
				PRODUCT_BUNDLE_IDENTIFIER = NYPLAudiobooksToolkit.NYPLAudiobookToolkitDemoApp;
				PRODUCT_NAME = "$(TARGET_NAME)";
				SWIFT_VERSION = 4.0;
				TARGETED_DEVICE_FAMILY = "1,2";
			};
			name = Debug;
		};
		7B5441D1200EA7E40047B6C6 /* Release */ = {
			isa = XCBuildConfiguration;
			buildSettings = {
				ALWAYS_EMBED_SWIFT_STANDARD_LIBRARIES = YES;
				ASSETCATALOG_COMPILER_APPICON_NAME = AppIcon;
				CODE_SIGN_STYLE = Automatic;
				DEVELOPMENT_TEAM = 7262U6ST2R;
				FRAMEWORK_SEARCH_PATHS = (
					"$(inherited)",
					"$(PROJECT_DIR)/Carthage/Build/iOS",
					"$(PROJECT_DIR)/AudioEngine/Debug",
				);
				INFOPLIST_FILE = NYPLAudiobookToolkitDemoApp/Info.plist;
				LD_RUNPATH_SEARCH_PATHS = "$(inherited) @executable_path/Frameworks";
				PRODUCT_BUNDLE_IDENTIFIER = NYPLAudiobooksToolkit.NYPLAudiobookToolkitDemoApp;
				PRODUCT_NAME = "$(TARGET_NAME)";
				SWIFT_VERSION = 4.0;
				TARGETED_DEVICE_FAMILY = "1,2";
			};
			name = Release;
		};
		7B5441D3200EA7E40047B6C6 /* Debug */ = {
			isa = XCBuildConfiguration;
			buildSettings = {
				ALWAYS_EMBED_SWIFT_STANDARD_LIBRARIES = YES;
				BUNDLE_LOADER = "$(TEST_HOST)";
				CODE_SIGN_STYLE = Automatic;
				DEVELOPMENT_TEAM = 7262U6ST2R;
				INFOPLIST_FILE = NYPLAudiobookToolkitDemoAppTests/Info.plist;
				LD_RUNPATH_SEARCH_PATHS = "$(inherited) @executable_path/Frameworks @loader_path/Frameworks";
				PRODUCT_BUNDLE_IDENTIFIER = NYPLAudiobooksToolkit.NYPLAudiobookToolkitDemoAppTests;
				PRODUCT_NAME = "$(TARGET_NAME)";
				SWIFT_VERSION = 4.0;
				TARGETED_DEVICE_FAMILY = "1,2";
				TEST_HOST = "$(BUILT_PRODUCTS_DIR)/NYPLAudiobookToolkitDemoApp.app/NYPLAudiobookToolkitDemoApp";
			};
			name = Debug;
		};
		7B5441D4200EA7E40047B6C6 /* Release */ = {
			isa = XCBuildConfiguration;
			buildSettings = {
				ALWAYS_EMBED_SWIFT_STANDARD_LIBRARIES = YES;
				BUNDLE_LOADER = "$(TEST_HOST)";
				CODE_SIGN_STYLE = Automatic;
				DEVELOPMENT_TEAM = 7262U6ST2R;
				INFOPLIST_FILE = NYPLAudiobookToolkitDemoAppTests/Info.plist;
				LD_RUNPATH_SEARCH_PATHS = "$(inherited) @executable_path/Frameworks @loader_path/Frameworks";
				PRODUCT_BUNDLE_IDENTIFIER = NYPLAudiobooksToolkit.NYPLAudiobookToolkitDemoAppTests;
				PRODUCT_NAME = "$(TARGET_NAME)";
				SWIFT_VERSION = 4.0;
				TARGETED_DEVICE_FAMILY = "1,2";
				TEST_HOST = "$(BUILT_PRODUCTS_DIR)/NYPLAudiobookToolkitDemoApp.app/NYPLAudiobookToolkitDemoApp";
			};
			name = Release;
		};
		7B5441D6200EA7E40047B6C6 /* Debug */ = {
			isa = XCBuildConfiguration;
			buildSettings = {
				ALWAYS_EMBED_SWIFT_STANDARD_LIBRARIES = YES;
				CODE_SIGN_STYLE = Automatic;
				DEVELOPMENT_TEAM = 7262U6ST2R;
				INFOPLIST_FILE = NYPLAudiobookToolkitDemoAppUITests/Info.plist;
				LD_RUNPATH_SEARCH_PATHS = "$(inherited) @executable_path/Frameworks @loader_path/Frameworks";
				PRODUCT_BUNDLE_IDENTIFIER = NYPLAudiobooksToolkit.NYPLAudiobookToolkitDemoAppUITests;
				PRODUCT_NAME = "$(TARGET_NAME)";
				SWIFT_VERSION = 4.0;
				TARGETED_DEVICE_FAMILY = "1,2";
				TEST_TARGET_NAME = NYPLAudiobookToolkitDemoApp;
			};
			name = Debug;
		};
		7B5441D7200EA7E40047B6C6 /* Release */ = {
			isa = XCBuildConfiguration;
			buildSettings = {
				ALWAYS_EMBED_SWIFT_STANDARD_LIBRARIES = YES;
				CODE_SIGN_STYLE = Automatic;
				DEVELOPMENT_TEAM = 7262U6ST2R;
				INFOPLIST_FILE = NYPLAudiobookToolkitDemoAppUITests/Info.plist;
				LD_RUNPATH_SEARCH_PATHS = "$(inherited) @executable_path/Frameworks @loader_path/Frameworks";
				PRODUCT_BUNDLE_IDENTIFIER = NYPLAudiobooksToolkit.NYPLAudiobookToolkitDemoAppUITests;
				PRODUCT_NAME = "$(TARGET_NAME)";
				SWIFT_VERSION = 4.0;
				TARGETED_DEVICE_FAMILY = "1,2";
				TEST_TARGET_NAME = NYPLAudiobookToolkitDemoApp;
			};
			name = Release;
		};
/* End XCBuildConfiguration section */

/* Begin XCConfigurationList section */
		7B544186200EA7C20047B6C6 /* Build configuration list for PBXProject "NYPLAudiobookToolkit" */ = {
			isa = XCConfigurationList;
			buildConfigurations = (
				7B54419E200EA7C20047B6C6 /* Debug */,
				7B54419F200EA7C20047B6C6 /* Release */,
			);
			defaultConfigurationIsVisible = 0;
			defaultConfigurationName = Release;
		};
		7B5441A0200EA7C20047B6C6 /* Build configuration list for PBXNativeTarget "NYPLAudiobookToolkit" */ = {
			isa = XCConfigurationList;
			buildConfigurations = (
				7B5441A1200EA7C20047B6C6 /* Debug */,
				7B5441A2200EA7C20047B6C6 /* Release */,
			);
			defaultConfigurationIsVisible = 0;
			defaultConfigurationName = Release;
		};
		7B5441A3200EA7C20047B6C6 /* Build configuration list for PBXNativeTarget "NYPLAudiobookToolkitTests" */ = {
			isa = XCConfigurationList;
			buildConfigurations = (
				7B5441A4200EA7C20047B6C6 /* Debug */,
				7B5441A5200EA7C20047B6C6 /* Release */,
			);
			defaultConfigurationIsVisible = 0;
			defaultConfigurationName = Release;
		};
		7B5441CF200EA7E40047B6C6 /* Build configuration list for PBXNativeTarget "NYPLAudiobookToolkitDemoApp" */ = {
			isa = XCConfigurationList;
			buildConfigurations = (
				7B5441D0200EA7E40047B6C6 /* Debug */,
				7B5441D1200EA7E40047B6C6 /* Release */,
			);
			defaultConfigurationIsVisible = 0;
			defaultConfigurationName = Release;
		};
		7B5441D2200EA7E40047B6C6 /* Build configuration list for PBXNativeTarget "NYPLAudiobookToolkitDemoAppTests" */ = {
			isa = XCConfigurationList;
			buildConfigurations = (
				7B5441D3200EA7E40047B6C6 /* Debug */,
				7B5441D4200EA7E40047B6C6 /* Release */,
			);
			defaultConfigurationIsVisible = 0;
			defaultConfigurationName = Release;
		};
		7B5441D5200EA7E40047B6C6 /* Build configuration list for PBXNativeTarget "NYPLAudiobookToolkitDemoAppUITests" */ = {
			isa = XCConfigurationList;
			buildConfigurations = (
				7B5441D6200EA7E40047B6C6 /* Debug */,
				7B5441D7200EA7E40047B6C6 /* Release */,
			);
			defaultConfigurationIsVisible = 0;
			defaultConfigurationName = Release;
		};
/* End XCConfigurationList section */
	};
	rootObject = 7B544183200EA7C20047B6C6 /* Project object */;
}
